
Microsoft Visual Studio Solution File, Format Version 12.00
# Visual Studio Version 17
VisualStudioVersion = 17.7.34031.279
MinimumVisualStudioVersion = 10.0.40219.1
Project("{2150E333-8FDC-42A3-9474-1A3956D46DE8}") = "Solution Items", "Solution Items", "{3A4DD39B-6EB2-40DA-A9C4-01ED9015363F}"
	ProjectSection(SolutionItems) = preProject
		ReadMe.md = ReadMe.md
	EndProjectSection
EndProject
Project("{9A19103F-16F7-4668-BE54-9A1E7A4F7556}") = "ShoesShop.DAL", "ShoesShop.DAL\ShoesShop.DAL.csproj", "{43B0E1E4-D636-4DF2-A381-C426AD1A5AA8}"
EndProject
Project("{9A19103F-16F7-4668-BE54-9A1E7A4F7556}") = "ShoesShop.BLL", "ShoesShop.BLL\ShoesShop.BLL.csproj", "{2BF5AD12-EAC5-4A76-BAED-E8B34F89B5B5}"
EndProject
Project("{9A19103F-16F7-4668-BE54-9A1E7A4F7556}") = "ShoesShop.Web.Client", "ShoesShop.Web.Client\ShoesShop.Web.Client.csproj", "{05386EB4-9C80-4E5B-9310-BC6E319BD5BB}"
EndProject
Global
	GlobalSection(SolutionConfigurationPlatforms) = preSolution
		Debug|Any CPU = Debug|Any CPU
		Release|Any CPU = Release|Any CPU
	EndGlobalSection
	GlobalSection(ProjectConfigurationPlatforms) = postSolution
		{43B0E1E4-D636-4DF2-A381-C426AD1A5AA8}.Debug|Any CPU.ActiveCfg = Debug|Any CPU
		{43B0E1E4-D636-4DF2-A381-C426AD1A5AA8}.Debug|Any CPU.Build.0 = Debug|Any CPU
		{43B0E1E4-D636-4DF2-A381-C426AD1A5AA8}.Release|Any CPU.ActiveCfg = Release|Any CPU
		{43B0E1E4-D636-4DF2-A381-C426AD1A5AA8}.Release|Any CPU.Build.0 = Release|Any CPU
		{2BF5AD12-EAC5-4A76-BAED-E8B34F89B5B5}.Debug|Any CPU.ActiveCfg = Debug|Any CPU
		{2BF5AD12-EAC5-4A76-BAED-E8B34F89B5B5}.Debug|Any CPU.Build.0 = Debug|Any CPU
		{2BF5AD12-EAC5-4A76-BAED-E8B34F89B5B5}.Release|Any CPU.ActiveCfg = Release|Any CPU
		{2BF5AD12-EAC5-4A76-BAED-E8B34F89B5B5}.Release|Any CPU.Build.0 = Release|Any CPU
		{05386EB4-9C80-4E5B-9310-BC6E319BD5BB}.Debug|Any CPU.ActiveCfg = Debug|Any CPU
		{05386EB4-9C80-4E5B-9310-BC6E319BD5BB}.Debug|Any CPU.Build.0 = Debug|Any CPU
		{05386EB4-9C80-4E5B-9310-BC6E319BD5BB}.Release|Any CPU.ActiveCfg = Release|Any CPU
		{05386EB4-9C80-4E5B-9310-BC6E319BD5BB}.Release|Any CPU.Build.0 = Release|Any CPU
	EndGlobalSection
	GlobalSection(SolutionProperties) = preSolution
		HideSolutionNode = FALSE
	EndGlobalSection
	GlobalSection(ExtensibilityGlobals) = postSolution
		SolutionGuid = {2B64A616-0F1D-418B-8D0A-A6EBB08C18E6}
	EndGlobalSection
EndGlobal
